
Microsoft Visual Studio Solution File, Format Version 12.00
# Visual Studio Version 17
VisualStudioVersion = 17.5.2.0
MinimumVisualStudioVersion = 10.0.40219.1
Project("{2150E333-8FDC-42A3-9474-1A3956D46DE8}") = ".tmp", ".tmp", "{8171D0AE-4262-3EAB-52BD-BB021CE126C4}"
EndProject
Project("{2150E333-8FDC-42A3-9474-1A3956D46DE8}") = "pac-investigate", "pac-investigate", "{384283CE-2964-DB7D-505D-C6728212A0CD}"
EndProject
Project("{2150E333-8FDC-42A3-9474-1A3956D46DE8}") = "decompiled", "decompiled", "{BDB43CC1-C4E0-22F1-1C1A-EC8F888FFA34}"
EndProject
Project("{FAE04EC0-301F-11D3-BF4B-00C04F79EFBC}") = "bolt.authentication", ".tmp\pac-investigate\decompiled\bolt.authentication\bolt.authentication.csproj", "{C91924A4-3134-4FAD-1829-61E7A9B0CED8}"
EndProject
Project("{FAE04EC0-301F-11D3-BF4B-00C04F79EFBC}") = "bolt.module.auth", ".tmp\pac-investigate\decompiled\bolt.module.auth\bolt.module.auth.csproj", "{149E3A4F-4D39-60C9-5683-22748A7560B9}"
EndProject
Project("{2150E333-8FDC-42A3-9474-1A3956D46DE8}") = "Microsoft.PowerApps.CLI.2.4.1", "Microsoft.PowerApps.CLI.2.4.1", "{59A8D1DC-9869-9A64-72A1-B3C650F0536E}"
EndProject
Project("{2150E333-8FDC-42A3-9474-1A3956D46DE8}") = "tools", "tools", "{559B8C1F-83F4-438C-BCCA-015DF2177F8B}"
EndProject
Project("{2150E333-8FDC-42A3-9474-1A3956D46DE8}") = "templates", "templates", "{E3958594-6C72-3DA0-BE39-D2F76C20D0DB}"
EndProject
Project("{2150E333-8FDC-42A3-9474-1A3956D46DE8}") = "plugin", "plugin", "{24C29852-F01E-99D0-88E0-7304C81857F0}"
EndProject
Project("{FAE04EC0-301F-11D3-BF4B-00C04F79EFBC}") = "template_pluginproject", ".tmp\pac-investigate\Microsoft.PowerApps.CLI.2.4.1\tools\templates\plugin\template_pluginproject.csproj", "{50CE2F0D-B706-422D-8354-930234D57B59}"
EndProject
Project("{2150E333-8FDC-42A3-9474-1A3956D46DE8}") = "pluginwithnuget", "pluginwithnuget", "{CB2C47D0-DAD8-D94B-9F27-1607A1A0D75F}"
EndProject
Project("{FAE04EC0-301F-11D3-BF4B-00C04F79EFBC}") = "template_pluginproject", ".tmp\pac-investigate\Microsoft.PowerApps.CLI.2.4.1\tools\templates\pluginwithnuget\template_pluginproject.csproj", "{9EFE76B6-71CD-EDC0-B647-F92499233AFD}"
EndProject
Project("{FAE04EC0-301F-11D3-BF4B-00C04F79EFBC}") = "ALM4Dataverse.PackageDeployer", "ALM4Dataverse.PackageDeployer\ALM4Dataverse.PackageDeployer.csproj", "{7FFE94A9-A697-4F81-BF3E-F0E6812DDE34}"
EndProject
Global
	GlobalSection(SolutionConfigurationPlatforms) = preSolution
		Debug|Any CPU = Debug|Any CPU
		Debug|x64 = Debug|x64
		Debug|x86 = Debug|x86
		Release|Any CPU = Release|Any CPU
		Release|x64 = Release|x64
		Release|x86 = Release|x86
	EndGlobalSection
	GlobalSection(ProjectConfigurationPlatforms) = postSolution
		{C91924A4-3134-4FAD-1829-61E7A9B0CED8}.Debug|Any CPU.ActiveCfg = Debug|Any CPU
		{C91924A4-3134-4FAD-1829-61E7A9B0CED8}.Debug|Any CPU.Build.0 = Debug|Any CPU
		{C91924A4-3134-4FAD-1829-61E7A9B0CED8}.Debug|x64.ActiveCfg = Debug|Any CPU
		{C91924A4-3134-4FAD-1829-61E7A9B0CED8}.Debug|x64.Build.0 = Debug|Any CPU
		{C91924A4-3134-4FAD-1829-61E7A9B0CED8}.Debug|x86.ActiveCfg = Debug|Any CPU
		{C91924A4-3134-4FAD-1829-61E7A9B0CED8}.Debug|x86.Build.0 = Debug|Any CPU
		{C91924A4-3134-4FAD-1829-61E7A9B0CED8}.Release|Any CPU.ActiveCfg = Release|Any CPU
		{C91924A4-3134-4FAD-1829-61E7A9B0CED8}.Release|Any CPU.Build.0 = Release|Any CPU
		{C91924A4-3134-4FAD-1829-61E7A9B0CED8}.Release|x64.ActiveCfg = Release|Any CPU
		{C91924A4-3134-4FAD-1829-61E7A9B0CED8}.Release|x64.Build.0 = Release|Any CPU
		{C91924A4-3134-4FAD-1829-61E7A9B0CED8}.Release|x86.ActiveCfg = Release|Any CPU
		{C91924A4-3134-4FAD-1829-61E7A9B0CED8}.Release|x86.Build.0 = Release|Any CPU
		{149E3A4F-4D39-60C9-5683-22748A7560B9}.Debug|Any CPU.ActiveCfg = Debug|Any CPU
		{149E3A4F-4D39-60C9-5683-22748A7560B9}.Debug|Any CPU.Build.0 = Debug|Any CPU
		{149E3A4F-4D39-60C9-5683-22748A7560B9}.Debug|x64.ActiveCfg = Debug|Any CPU
		{149E3A4F-4D39-60C9-5683-22748A7560B9}.Debug|x64.Build.0 = Debug|Any CPU
		{149E3A4F-4D39-60C9-5683-22748A7560B9}.Debug|x86.ActiveCfg = Debug|Any CPU
		{149E3A4F-4D39-60C9-5683-22748A7560B9}.Debug|x86.Build.0 = Debug|Any CPU
		{149E3A4F-4D39-60C9-5683-22748A7560B9}.Release|Any CPU.ActiveCfg = Release|Any CPU
		{149E3A4F-4D39-60C9-5683-22748A7560B9}.Release|Any CPU.Build.0 = Release|Any CPU
		{149E3A4F-4D39-60C9-5683-22748A7560B9}.Release|x64.ActiveCfg = Release|Any CPU
		{149E3A4F-4D39-60C9-5683-22748A7560B9}.Release|x64.Build.0 = Release|Any CPU
		{149E3A4F-4D39-60C9-5683-22748A7560B9}.Release|x86.ActiveCfg = Release|Any CPU
		{149E3A4F-4D39-60C9-5683-22748A7560B9}.Release|x86.Build.0 = Release|Any CPU
		{50CE2F0D-B706-422D-8354-930234D57B59}.Debug|Any CPU.ActiveCfg = Debug|Any CPU
		{50CE2F0D-B706-422D-8354-930234D57B59}.Debug|Any CPU.Build.0 = Debug|Any CPU
		{50CE2F0D-B706-422D-8354-930234D57B59}.Debug|x64.ActiveCfg = Debug|Any CPU
		{50CE2F0D-B706-422D-8354-930234D57B59}.Debug|x64.Build.0 = Debug|Any CPU
		{50CE2F0D-B706-422D-8354-930234D57B59}.Debug|x86.ActiveCfg = Debug|Any CPU
		{50CE2F0D-B706-422D-8354-930234D57B59}.Debug|x86.Build.0 = Debug|Any CPU
		{50CE2F0D-B706-422D-8354-930234D57B59}.Release|Any CPU.ActiveCfg = Release|Any CPU
		{50CE2F0D-B706-422D-8354-930234D57B59}.Release|Any CPU.Build.0 = Release|Any CPU
		{50CE2F0D-B706-422D-8354-930234D57B59}.Release|x64.ActiveCfg = Release|Any CPU
		{50CE2F0D-B706-422D-8354-930234D57B59}.Release|x64.Build.0 = Release|Any CPU
		{50CE2F0D-B706-422D-8354-930234D57B59}.Release|x86.ActiveCfg = Release|Any CPU
		{50CE2F0D-B706-422D-8354-930234D57B59}.Release|x86.Build.0 = Release|Any CPU
		{9EFE76B6-71CD-EDC0-B647-F92499233AFD}.Debug|Any CPU.ActiveCfg = Debug|Any CPU
		{9EFE76B6-71CD-EDC0-B647-F92499233AFD}.Debug|Any CPU.Build.0 = Debug|Any CPU
		{9EFE76B6-71CD-EDC0-B647-F92499233AFD}.Debug|x64.ActiveCfg = Debug|Any CPU
		{9EFE76B6-71CD-EDC0-B647-F92499233AFD}.Debug|x64.Build.0 = Debug|Any CPU
		{9EFE76B6-71CD-EDC0-B647-F92499233AFD}.Debug|x86.ActiveCfg = Debug|Any CPU
		{9EFE76B6-71CD-EDC0-B647-F92499233AFD}.Debug|x86.Build.0 = Debug|Any CPU
		{9EFE76B6-71CD-EDC0-B647-F92499233AFD}.Release|Any CPU.ActiveCfg = Release|Any CPU
		{9EFE76B6-71CD-EDC0-B647-F92499233AFD}.Release|Any CPU.Build.0 = Release|Any CPU
		{9EFE76B6-71CD-EDC0-B647-F92499233AFD}.Release|x64.ActiveCfg = Release|Any CPU
		{9EFE76B6-71CD-EDC0-B647-F92499233AFD}.Release|x64.Build.0 = Release|Any CPU
		{9EFE76B6-71CD-EDC0-B647-F92499233AFD}.Release|x86.ActiveCfg = Release|Any CPU
		{9EFE76B6-71CD-EDC0-B647-F92499233AFD}.Release|x86.Build.0 = Release|Any CPU
		{7FFE94A9-A697-4F81-BF3E-F0E6812DDE34}.Debug|Any CPU.ActiveCfg = Debug|Any CPU
		{7FFE94A9-A697-4F81-BF3E-F0E6812DDE34}.Debug|Any CPU.Build.0 = Debug|Any CPU
		{7FFE94A9-A697-4F81-BF3E-F0E6812DDE34}.Debug|x64.ActiveCfg = Debug|Any CPU
		{7FFE94A9-A697-4F81-BF3E-F0E6812DDE34}.Debug|x64.Build.0 = Debug|Any CPU
		{7FFE94A9-A697-4F81-BF3E-F0E6812DDE34}.Debug|x86.ActiveCfg = Debug|Any CPU
		{7FFE94A9-A697-4F81-BF3E-F0E6812DDE34}.Debug|x86.Build.0 = Debug|Any CPU
		{7FFE94A9-A697-4F81-BF3E-F0E6812DDE34}.Release|Any CPU.ActiveCfg = Release|Any CPU
		{7FFE94A9-A697-4F81-BF3E-F0E6812DDE34}.Release|Any CPU.Build.0 = Release|Any CPU
		{7FFE94A9-A697-4F81-BF3E-F0E6812DDE34}.Release|x64.ActiveCfg = Release|Any CPU
		{7FFE94A9-A697-4F81-BF3E-F0E6812DDE34}.Release|x64.Build.0 = Release|Any CPU
		{7FFE94A9-A697-4F81-BF3E-F0E6812DDE34}.Release|x86.ActiveCfg = Release|Any CPU
		{7FFE94A9-A697-4F81-BF3E-F0E6812DDE34}.Release|x86.Build.0 = Release|Any CPU
	EndGlobalSection
	GlobalSection(SolutionProperties) = preSolution
		HideSolutionNode = FALSE
	EndGlobalSection
	GlobalSection(NestedProjects) = preSolution
		{384283CE-2964-DB7D-505D-C6728212A0CD} = {8171D0AE-4262-3EAB-52BD-BB021CE126C4}
		{BDB43CC1-C4E0-22F1-1C1A-EC8F888FFA34} = {384283CE-2964-DB7D-505D-C6728212A0CD}
		{C91924A4-3134-4FAD-1829-61E7A9B0CED8} = {BDB43CC1-C4E0-22F1-1C1A-EC8F888FFA34}
		{149E3A4F-4D39-60C9-5683-22748A7560B9} = {BDB43CC1-C4E0-22F1-1C1A-EC8F888FFA34}
		{59A8D1DC-9869-9A64-72A1-B3C650F0536E} = {384283CE-2964-DB7D-505D-C6728212A0CD}
		{559B8C1F-83F4-438C-BCCA-015DF2177F8B} = {59A8D1DC-9869-9A64-72A1-B3C650F0536E}
		{E3958594-6C72-3DA0-BE39-D2F76C20D0DB} = {559B8C1F-83F4-438C-BCCA-015DF2177F8B}
		{24C29852-F01E-99D0-88E0-7304C81857F0} = {E3958594-6C72-3DA0-BE39-D2F76C20D0DB}
		{50CE2F0D-B706-422D-8354-930234D57B59} = {24C29852-F01E-99D0-88E0-7304C81857F0}
		{CB2C47D0-DAD8-D94B-9F27-1607A1A0D75F} = {E3958594-6C72-3DA0-BE39-D2F76C20D0DB}
		{9EFE76B6-71CD-EDC0-B647-F92499233AFD} = {CB2C47D0-DAD8-D94B-9F27-1607A1A0D75F}
	EndGlobalSection
	GlobalSection(ExtensibilityGlobals) = postSolution
		SolutionGuid = {99762020-A4FB-4A35-B3F2-5D361C7BAA05}
	EndGlobalSection
EndGlobal
